
Microsoft Visual Studio Solution File, Format Version 12.00
# Visual Studio Version 17
VisualStudioVersion = 17.13.35806.99 d17.13
MinimumVisualStudioVersion = 10.0.40219.1
Project("{FAE04EC0-301F-11D3-BF4B-00C04F79EFBC}") = "editwindow", "editwindow\editwindow.csproj", "{5F154118-9444-47D7-AAA7-590B2F5E2C7E}"
EndProject
Global
	GlobalSection(SolutionConfigurationPlatforms) = preSolution
		Debug|Any CPU = Debug|Any CPU
		Release|Any CPU = Release|Any CPU
	EndGlobalSection
	GlobalSection(ProjectConfigurationPlatforms) = postSolution
		{5F154118-9444-47D7-AAA7-590B2F5E2C7E}.Debug|Any CPU.ActiveCfg = Debug|Any CPU
		{5F154118-9444-47D7-AAA7-590B2F5E2C7E}.Debug|Any CPU.Build.0 = Debug|Any CPU
		{5F154118-9444-47D7-AAA7-590B2F5E2C7E}.Release|Any CPU.ActiveCfg = Release|Any CPU
		{5F154118-9444-47D7-AAA7-590B2F5E2C7E}.Release|Any CPU.Build.0 = Release|Any CPU
	EndGlobalSection
	GlobalSection(SolutionProperties) = preSolution
		HideSolutionNode = FALSE
	EndGlobalSection
	GlobalSection(ExtensibilityGlobals) = postSolution
		SolutionGuid = {E11DDC51-8337-4008-81F0-DA02EA9706CF}
	EndGlobalSection
EndGlobal
